
Microsoft Visual Studio Solution File, Format Version 12.00
# Visual Studio Version 16
VisualStudioVersion = 16.0.28803.452
MinimumVisualStudioVersion = 10.0.40219.1
Project("{FAE04EC0-301F-11D3-BF4B-00C04F79EFBC}") = "AutoDraft", "AutoDraft\AutoDraft.csproj", "{CFE7FAA5-3FC1-4C46-9FAE-6C48805A8A96}"
EndProject
Project("{FAE04EC0-301F-11D3-BF4B-00C04F79EFBC}") = "AutoDraftWeb", "AutoDraftWeb\AutoDraftWeb.csproj", "{744BADF8-38DA-49CB-91D5-D8A5EEA93A25}"
EndProject
Global
	GlobalSection(SolutionConfigurationPlatforms) = preSolution
		Debug|Any CPU = Debug|Any CPU
		Release|Any CPU = Release|Any CPU
	EndGlobalSection
	GlobalSection(ProjectConfigurationPlatforms) = postSolution
		{CFE7FAA5-3FC1-4C46-9FAE-6C48805A8A96}.Debug|Any CPU.ActiveCfg = Debug|Any CPU
		{CFE7FAA5-3FC1-4C46-9FAE-6C48805A8A96}.Debug|Any CPU.Build.0 = Debug|Any CPU
		{CFE7FAA5-3FC1-4C46-9FAE-6C48805A8A96}.Release|Any CPU.ActiveCfg = Release|Any CPU
		{CFE7FAA5-3FC1-4C46-9FAE-6C48805A8A96}.Release|Any CPU.Build.0 = Release|Any CPU
		{744BADF8-38DA-49CB-91D5-D8A5EEA93A25}.Debug|Any CPU.ActiveCfg = Debug|Any CPU
		{744BADF8-38DA-49CB-91D5-D8A5EEA93A25}.Debug|Any CPU.Build.0 = Debug|Any CPU
		{744BADF8-38DA-49CB-91D5-D8A5EEA93A25}.Release|Any CPU.ActiveCfg = Release|Any CPU
		{744BADF8-38DA-49CB-91D5-D8A5EEA93A25}.Release|Any CPU.Build.0 = Release|Any CPU
	EndGlobalSection
	GlobalSection(SolutionProperties) = preSolution
		HideSolutionNode = FALSE
	EndGlobalSection
	GlobalSection(ExtensibilityGlobals) = postSolution
		SolutionGuid = {F0FE8276-40E8-430F-81A4-EF69ED9338A4}
	EndGlobalSection
EndGlobal
